Microsoft Visual Studio Solution File, Format Version 12.00
# Visual Studio Version 17
VisualStudioVersion = 17.5.2.0
MinimumVisualStudioVersion = 10.0.40219.1
Project("{FAE04EC0-301F-11D3-BF4B-00C04F79EFBC}") = "tests", "tests.csproj", "{2129A3AB-DC3C-F26A-5D24-037F9D5937E6}"
EndProject
Project("{FAE04EC0-301F-11D3-BF4B-00C04F79EFBC}") = "src", "..\src\src.csproj", "{9CFABC35-CE00-41A4-AFED-55ED0FBB98BE}"
EndProject
Global
	GlobalSection(SolutionConfigurationPlatforms) = preSolution
		Debug|Any CPU = Debug|Any CPU
		Release|Any CPU = Release|Any CPU
	EndGlobalSection
	GlobalSection(ProjectConfigurationPlatforms) = postSolution
		{2129A3AB-DC3C-F26A-5D24-037F9D5937E6}.Debug|Any CPU.ActiveCfg = Debug|Any CPU
		{2129A3AB-DC3C-F26A-5D24-037F9D5937E6}.Debug|Any CPU.Build.0 = Debug|Any CPU
		{2129A3AB-DC3C-F26A-5D24-037F9D5937E6}.Release|Any CPU.ActiveCfg = Release|Any CPU
		{2129A3AB-DC3C-F26A-5D24-037F9D5937E6}.Release|Any CPU.Build.0 = Release|Any CPU
		{9CFABC35-CE00-41A4-AFED-55ED0FBB98BE}.Debug|Any CPU.ActiveCfg = Debug|Any CPU
		{9CFABC35-CE00-41A4-AFED-55ED0FBB98BE}.Debug|Any CPU.Build.0 = Debug|Any CPU
		{9CFABC35-CE00-41A4-AFED-55ED0FBB98BE}.Release|Any CPU.ActiveCfg = Release|Any CPU
		{9CFABC35-CE00-41A4-AFED-55ED0FBB98BE}.Release|Any CPU.Build.0 = Release|Any CPU
	EndGlobalSection
	GlobalSection(SolutionProperties) = preSolution
		HideSolutionNode = FALSE
	EndGlobalSection
	GlobalSection(ExtensibilityGlobals) = postSolution
		SolutionGuid = {ACE9103B-9D44-49A8-9B72-E6DB7E5E6CEC}
	EndGlobalSection
EndGlobal
